
Microsoft Visual Studio Solution File, Format Version 12.00
# Visual Studio Version 17
VisualStudioVersion = 17.6.33712.159
MinimumVisualStudioVersion = 10.0.40219.1
Project("{FAE04EC0-301F-11D3-BF4B-00C04F79EFBC}") = "shop.Web", "shop.Web\shop.Web.csproj", "{AEC487BB-9C57-4DB3-A931-472FB52CB70E}"
EndProject
Project("{FAE04EC0-301F-11D3-BF4B-00C04F79EFBC}") = "shop.Infraestructure", "shop.Infraestructure\shop.Infraestructure.csproj", "{C71FF38C-4E2F-4B85-9CBC-62D25DF9641F}"
EndProject
Project("{FAE04EC0-301F-11D3-BF4B-00C04F79EFBC}") = "shop.Application", "shop.Application\shop.Application.csproj", "{FFBF91AA-EC9F-4896-A7CA-780D9B65CC7A}"
EndProject
Project("{FAE04EC0-301F-11D3-BF4B-00C04F79EFBC}") = "shop.Api", "shop.Api\shop.Api.csproj", "{008C5EB4-92F5-48C7-BF5D-79EAB2132CB1}"
EndProject
Project("{FAE04EC0-301F-11D3-BF4B-00C04F79EFBC}") = "shop.Domain", "shop.Domain\shop.Domain.csproj", "{577E04FB-F621-4F38-A37F-91A2528D30C0}"
EndProject
Project("{FAE04EC0-301F-11D3-BF4B-00C04F79EFBC}") = "shop.IOC", "shop.IOC\shop.IOC.csproj", "{43BCD8B7-C967-491D-AB22-DC5119AC476C}"
EndProject
Global
	GlobalSection(SolutionConfigurationPlatforms) = preSolution
		Debug|Any CPU = Debug|Any CPU
		Release|Any CPU = Release|Any CPU
	EndGlobalSection
	GlobalSection(ProjectConfigurationPlatforms) = postSolution
		{AEC487BB-9C57-4DB3-A931-472FB52CB70E}.Debug|Any CPU.ActiveCfg = Debug|Any CPU
		{AEC487BB-9C57-4DB3-A931-472FB52CB70E}.Debug|Any CPU.Build.0 = Debug|Any CPU
		{AEC487BB-9C57-4DB3-A931-472FB52CB70E}.Release|Any CPU.ActiveCfg = Release|Any CPU
		{AEC487BB-9C57-4DB3-A931-472FB52CB70E}.Release|Any CPU.Build.0 = Release|Any CPU
		{C71FF38C-4E2F-4B85-9CBC-62D25DF9641F}.Debug|Any CPU.ActiveCfg = Debug|Any CPU
		{C71FF38C-4E2F-4B85-9CBC-62D25DF9641F}.Debug|Any CPU.Build.0 = Debug|Any CPU
		{C71FF38C-4E2F-4B85-9CBC-62D25DF9641F}.Release|Any CPU.ActiveCfg = Release|Any CPU
		{C71FF38C-4E2F-4B85-9CBC-62D25DF9641F}.Release|Any CPU.Build.0 = Release|Any CPU
		{FFBF91AA-EC9F-4896-A7CA-780D9B65CC7A}.Debug|Any CPU.ActiveCfg = Debug|Any CPU
		{FFBF91AA-EC9F-4896-A7CA-780D9B65CC7A}.Debug|Any CPU.Build.0 = Debug|Any CPU
		{FFBF91AA-EC9F-4896-A7CA-780D9B65CC7A}.Release|Any CPU.ActiveCfg = Release|Any CPU
		{FFBF91AA-EC9F-4896-A7CA-780D9B65CC7A}.Release|Any CPU.Build.0 = Release|Any CPU
		{008C5EB4-92F5-48C7-BF5D-79EAB2132CB1}.Debug|Any CPU.ActiveCfg = Debug|Any CPU
		{008C5EB4-92F5-48C7-BF5D-79EAB2132CB1}.Debug|Any CPU.Build.0 = Debug|Any CPU
		{008C5EB4-92F5-48C7-BF5D-79EAB2132CB1}.Release|Any CPU.ActiveCfg = Release|Any CPU
		{008C5EB4-92F5-48C7-BF5D-79EAB2132CB1}.Release|Any CPU.Build.0 = Release|Any CPU
		{577E04FB-F621-4F38-A37F-91A2528D30C0}.Debug|Any CPU.ActiveCfg = Debug|Any CPU
		{577E04FB-F621-4F38-A37F-91A2528D30C0}.Debug|Any CPU.Build.0 = Debug|Any CPU
		{577E04FB-F621-4F38-A37F-91A2528D30C0}.Release|Any CPU.ActiveCfg = Release|Any CPU
		{577E04FB-F621-4F38-A37F-91A2528D30C0}.Release|Any CPU.Build.0 = Release|Any CPU
		{43BCD8B7-C967-491D-AB22-DC5119AC476C}.Debug|Any CPU.ActiveCfg = Debug|Any CPU
		{43BCD8B7-C967-491D-AB22-DC5119AC476C}.Debug|Any CPU.Build.0 = Debug|Any CPU
		{43BCD8B7-C967-491D-AB22-DC5119AC476C}.Release|Any CPU.ActiveCfg = Release|Any CPU
		{43BCD8B7-C967-491D-AB22-DC5119AC476C}.Release|Any CPU.Build.0 = Release|Any CPU
	EndGlobalSection
	GlobalSection(SolutionProperties) = preSolution
		HideSolutionNode = FALSE
	EndGlobalSection
	GlobalSection(ExtensibilityGlobals) = postSolution
		SolutionGuid = {DE681AD3-678D-4C96-90D5-C8F4227B9530}
	EndGlobalSection
EndGlobal
